// !$*UTF8*$!
{
	archiveVersion = 1;
	classes = {
	};
	objectVersion = 55;
	objects = {

/* Begin PBXBuildFile section */
		1037DCF764BC3ED868D4FCB5 /* Pods_Flix.framework in Frameworks */ = {isa = PBXBuildFile; fileRef = E8A90B9710E9F96F2E4CC9BB /* Pods_Flix.framework */; };
		7753792928CEBDE700DC517D /* AppDelegate.swift in Sources */ = {isa = PBXBuildFile; fileRef = 7753792828CEBDE700DC517D /* AppDelegate.swift */; };
		7753792B28CEBDE700DC517D /* SceneDelegate.swift in Sources */ = {isa = PBXBuildFile; fileRef = 7753792A28CEBDE700DC517D /* SceneDelegate.swift */; };
		7753792D28CEBDE700DC517D /* MoviesViewController.swift in Sources */ = {isa = PBXBuildFile; fileRef = 7753792C28CEBDE700DC517D /* MoviesViewController.swift */; };
		7753793028CEBDE700DC517D /* Main.storyboard in Resources */ = {isa = PBXBuildFile; fileRef = 7753792E28CEBDE700DC517D /* Main.storyboard */; };
		7753793228CEBDEB00DC517D /* Assets.xcassets in Resources */ = {isa = PBXBuildFile; fileRef = 7753793128CEBDEB00DC517D /* Assets.xcassets */; };
		7753793528CEBDEB00DC517D /* LaunchScreen.storyboard in Resources */ = {isa = PBXBuildFile; fileRef = 7753793328CEBDEB00DC517D /* LaunchScreen.storyboard */; };
		7753794028CEBDEB00DC517D /* FlixTests.swift in Sources */ = {isa = PBXBuildFile; fileRef = 7753793F28CEBDEB00DC517D /* FlixTests.swift */; };
		7753794A28CEBDEB00DC517D /* FlixUITests.swift in Sources */ = {isa = PBXBuildFile; fileRef = 7753794928CEBDEB00DC517D /* FlixUITests.swift */; };
		7753794C28CEBDEB00DC517D /* FlixUITestsLaunchTests.swift in Sources */ = {isa = PBXBuildFile; fileRef = 7753794B28CEBDEB00DC517D /* FlixUITestsLaunchTests.swift */; };
		77725C4628CEDB1300DC07FC /* MovieCell.swift in Sources */ = {isa = PBXBuildFile; fileRef = 77725C4528CEDB1300DC07FC /* MovieCell.swift */; };
		77725C4928CEDE8C00DC07FC /* AlamofireImage in Frameworks */ = {isa = PBXBuildFile; productRef = 77725C4828CEDE8C00DC07FC /* AlamofireImage */; };
		7C714D4F0CCF43E7DA9FD26C /* Pods_Flix_FlixUITests.framework in Frameworks */ = {isa = PBXBuildFile; fileRef = 81A912DCCDAF94E1AAFFCEE2 /* Pods_Flix_FlixUITests.framework */; };
		A1482A4CEB9760A3DA32698E /* Pods_FlixTests.framework in Frameworks */ = {isa = PBXBuildFile; fileRef = D10790725F2129F7CC92E8BC /* Pods_FlixTests.framework */; };
/* End PBXBuildFile section */

/* Begin PBXContainerItemProxy section */
		7753793C28CEBDEB00DC517D /* PBXContainerItemProxy */ = {
			isa = PBXContainerItemProxy;
			containerPortal = 7753791D28CEBDE700DC517D /* Project object */;
			proxyType = 1;
			remoteGlobalIDString = 7753792428CEBDE700DC517D;
			remoteInfo = Flix;
		};
		7753794628CEBDEB00DC517D /* PBXContainerItemProxy */ = {
			isa = PBXContainerItemProxy;
			containerPortal = 7753791D28CEBDE700DC517D /* Project object */;
			proxyType = 1;
			remoteGlobalIDString = 7753792428CEBDE700DC517D;
			remoteInfo = Flix;
		};
/* End PBXContainerItemProxy section */

/* Begin PBXFileReference section */
		076C8C5171BED2969AC97085 /* Pods-FlixTests.release.xcconfig */ = {isa = PBXFileReference; includeInIndex = 1; lastKnownFileType = text.xcconfig; name = "Pods-FlixTests.release.xcconfig"; path = "Target Support Files/Pods-FlixTests/Pods-FlixTests.release.xcconfig"; sourceTree = "<group>"; };
		6D0FDEE08F8E51527CE1D2EC /* Pods-Flix.release.xcconfig */ = {isa = PBXFileReference; includeInIndex = 1; lastKnownFileType = text.xcconfig; name = "Pods-Flix.release.xcconfig"; path = "Target Support Files/Pods-Flix/Pods-Flix.release.xcconfig"; sourceTree = "<group>"; };
		75DA17A204097D30473AB44A /* Pods-Flix-FlixUITests.release.xcconfig */ = {isa = PBXFileReference; includeInIndex = 1; lastKnownFileType = text.xcconfig; name = "Pods-Flix-FlixUITests.release.xcconfig"; path = "Target Support Files/Pods-Flix-FlixUITests/Pods-Flix-FlixUITests.release.xcconfig"; sourceTree = "<group>"; };
		7753792528CEBDE700DC517D /* Flix.app */ = {isa = PBXFileReference; explicitFileType = wrapper.application; includeInIndex = 0; path = Flix.app; sourceTree = BUILT_PRODUCTS_DIR; };
		7753792828CEBDE700DC517D /* AppDelegate.swift */ = {isa = PBXFileReference; lastKnownFileType = sourcecode.swift; path = AppDelegate.swift; sourceTree = "<group>"; };
		7753792A28CEBDE700DC517D /* SceneDelegate.swift */ = {isa = PBXFileReference; lastKnownFileType = sourcecode.swift; path = SceneDelegate.swift; sourceTree = "<group>"; };
		7753792C28CEBDE700DC517D /* MoviesViewController.swift */ = {isa = PBXFileReference; lastKnownFileType = sourcecode.swift; path = MoviesViewController.swift; sourceTree = "<group>"; };
		7753792F28CEBDE700DC517D /* Base */ = {isa = PBXFileReference; lastKnownFileType = file.storyboard; name = Base; path = Base.lproj/Main.storyboard; sourceTree = "<group>"; };
		7753793128CEBDEB00DC517D /* Assets.xcassets */ = {isa = PBXFileReference; lastKnownFileType = folder.assetcatalog; path = Assets.xcassets; sourceTree = "<group>"; };
		7753793428CEBDEB00DC517D /* Base */ = {isa = PBXFileReference; lastKnownFileType = file.storyboard; name = Base; path = Base.lproj/LaunchScreen.storyboard; sourceTree = "<group>"; };
		7753793628CEBDEB00DC517D /* Info.plist */ = {isa = PBXFileReference; lastKnownFileType = text.plist.xml; path = Info.plist; sourceTree = "<group>"; };
		7753793B28CEBDEB00DC517D /* FlixTests.xctest */ = {isa = PBXFileReference; explicitFileType = wrapper.cfbundle; includeInIndex = 0; path = FlixTests.xctest; sourceTree = BUILT_PRODUCTS_DIR; };
		7753793F28CEBDEB00DC517D /* FlixTests.swift */ = {isa = PBXFileReference; lastKnownFileType = sourcecode.swift; path = FlixTests.swift; sourceTree = "<group>"; };
		7753794528CEBDEB00DC517D /* FlixUITests.xctest */ = {isa = PBXFileReference; explicitFileType = wrapper.cfbundle; includeInIndex = 0; path = FlixUITests.xctest; sourceTree = BUILT_PRODUCTS_DIR; };
		7753794928CEBDEB00DC517D /* FlixUITests.swift */ = {isa = PBXFileReference; lastKnownFileType = sourcecode.swift; path = FlixUITests.swift; sourceTree = "<group>"; };
		7753794B28CEBDEB00DC517D /* FlixUITestsLaunchTests.swift */ = {isa = PBXFileReference; lastKnownFileType = sourcecode.swift; path = FlixUITestsLaunchTests.swift; sourceTree = "<group>"; };
		77725C4528CEDB1300DC07FC /* MovieCell.swift */ = {isa = PBXFileReference; lastKnownFileType = sourcecode.swift; path = MovieCell.swift; sourceTree = "<group>"; };
		81A912DCCDAF94E1AAFFCEE2 /* Pods_Flix_FlixUITests.framework */ = {isa = PBXFileReference; explicitFileType = wrapper.framework; includeInIndex = 0; path = Pods_Flix_FlixUITests.framework; sourceTree = BUILT_PRODUCTS_DIR; };
		A85C8F4BB27406C954415D59 /* Pods-Flix.debug.xcconfig */ = {isa = PBXFileReference; includeInIndex = 1; lastKnownFileType = text.xcconfig; name = "Pods-Flix.debug.xcconfig"; path = "Target Support Files/Pods-Flix/Pods-Flix.debug.xcconfig"; sourceTree = "<group>"; };
		C22E6D78B93A279B3DDEFF20 /* Pods-FlixTests.debug.xcconfig */ = {isa = PBXFileReference; includeInIndex = 1; lastKnownFileType = text.xcconfig; name = "Pods-FlixTests.debug.xcconfig"; path = "Target Support Files/Pods-FlixTests/Pods-FlixTests.debug.xcconfig"; sourceTree = "<group>"; };
		CD3DB1B713BC0371BC8D75CD /* Pods-Flix-FlixUITests.debug.xcconfig */ = {isa = PBXFileReference; includeInIndex = 1; lastKnownFileType = text.xcconfig; name = "Pods-Flix-FlixUITests.debug.xcconfig"; path = "Target Support Files/Pods-Flix-FlixUITests/Pods-Flix-FlixUITests.debug.xcconfig"; sourceTree = "<group>"; };
		D10790725F2129F7CC92E8BC /* Pods_FlixTests.framework */ = {isa = PBXFileReference; explicitFileType = wrapper.framework; includeInIndex = 0; path = Pods_FlixTests.framework; sourceTree = BUILT_PRODUCTS_DIR; };
		E8A90B9710E9F96F2E4CC9BB /* Pods_Flix.framework */ = {isa = PBXFileReference; explicitFileType = wrapper.framework; includeInIndex = 0; path = Pods_Flix.framework; sourceTree = BUILT_PRODUCTS_DIR; };
/* End PBXFileReference section */

/* Begin PBXFrameworksBuildPhase section */
		7753792228CEBDE700DC517D /* Frameworks */ = {
			isa = PBXFrameworksBuildPhase;
			buildActionMask = 2147483647;
			files = (
				77725C4928CEDE8C00DC07FC /* AlamofireImage in Frameworks */,
				1037DCF764BC3ED868D4FCB5 /* Pods_Flix.framework in Frameworks */,
			);
			runOnlyForDeploymentPostprocessing = 0;
		};
		7753793828CEBDEB00DC517D /* Frameworks */ = {
			isa = PBXFrameworksBuildPhase;
			buildActionMask = 2147483647;
			files = (
				A1482A4CEB9760A3DA32698E /* Pods_FlixTests.framework in Frameworks */,
			);
			runOnlyForDeploymentPostprocessing = 0;
		};
		7753794228CEBDEB00DC517D /* Frameworks */ = {
			isa = PBXFrameworksBuildPhase;
			buildActionMask = 2147483647;
			files = (
				7C714D4F0CCF43E7DA9FD26C /* Pods_Flix_FlixUITests.framework in Frameworks */,
			);
			runOnlyForDeploymentPostprocessing = 0;
		};
/* End PBXFrameworksBuildPhase section */

/* Begin PBXGroup section */
		12C1684632609AC9C7F82A67 /* Pods */ = {
			isa = PBXGroup;
			children = (
				A85C8F4BB27406C954415D59 /* Pods-Flix.debug.xcconfig */,
				6D0FDEE08F8E51527CE1D2EC /* Pods-Flix.release.xcconfig */,
				CD3DB1B713BC0371BC8D75CD /* Pods-Flix-FlixUITests.debug.xcconfig */,
				75DA17A204097D30473AB44A /* Pods-Flix-FlixUITests.release.xcconfig */,
				C22E6D78B93A279B3DDEFF20 /* Pods-FlixTests.debug.xcconfig */,
				076C8C5171BED2969AC97085 /* Pods-FlixTests.release.xcconfig */,
			);
			name = Pods;
			path = Pods;
			sourceTree = "<group>";
		};
		7753791C28CEBDE700DC517D = {
			isa = PBXGroup;
			children = (
				7753792728CEBDE700DC517D /* Flix */,
				7753793E28CEBDEB00DC517D /* FlixTests */,
				7753794828CEBDEB00DC517D /* FlixUITests */,
				7753792628CEBDE700DC517D /* Products */,
				12C1684632609AC9C7F82A67 /* Pods */,
				F10803216A80922BFE3E6486 /* Frameworks */,
			);
			sourceTree = "<group>";
		};
		7753792628CEBDE700DC517D /* Products */ = {
			isa = PBXGroup;
			children = (
				7753792528CEBDE700DC517D /* Flix.app */,
				7753793B28CEBDEB00DC517D /* FlixTests.xctest */,
				7753794528CEBDEB00DC517D /* FlixUITests.xctest */,
			);
			name = Products;
			sourceTree = "<group>";
		};
		7753792728CEBDE700DC517D /* Flix */ = {
			isa = PBXGroup;
			children = (
				7753792828CEBDE700DC517D /* AppDelegate.swift */,
				7753792A28CEBDE700DC517D /* SceneDelegate.swift */,
				7753792C28CEBDE700DC517D /* MoviesViewController.swift */,
				7753792E28CEBDE700DC517D /* Main.storyboard */,
				77725C4528CEDB1300DC07FC /* MovieCell.swift */,
				7753793128CEBDEB00DC517D /* Assets.xcassets */,
				7753793328CEBDEB00DC517D /* LaunchScreen.storyboard */,
				7753793628CEBDEB00DC517D /* Info.plist */,
			);
			path = Flix;
			sourceTree = "<group>";
		};
		7753793E28CEBDEB00DC517D /* FlixTests */ = {
			isa = PBXGroup;
			children = (
				7753793F28CEBDEB00DC517D /* FlixTests.swift */,
			);
			path = FlixTests;
			sourceTree = "<group>";
		};
		7753794828CEBDEB00DC517D /* FlixUITests */ = {
			isa = PBXGroup;
			children = (
				7753794928CEBDEB00DC517D /* FlixUITests.swift */,
				7753794B28CEBDEB00DC517D /* FlixUITestsLaunchTests.swift */,
			);
			path = FlixUITests;
			sourceTree = "<group>";
		};
		F10803216A80922BFE3E6486 /* Frameworks */ = {
			isa = PBXGroup;
			children = (
				E8A90B9710E9F96F2E4CC9BB /* Pods_Flix.framework */,
				81A912DCCDAF94E1AAFFCEE2 /* Pods_Flix_FlixUITests.framework */,
				D10790725F2129F7CC92E8BC /* Pods_FlixTests.framework */,
			);
			name = Frameworks;
			sourceTree = "<group>";
		};
/* End PBXGroup section */

/* Begin PBXNativeTarget section */
		7753792428CEBDE700DC517D /* Flix */ = {
			isa = PBXNativeTarget;
			buildConfigurationList = 7753794F28CEBDEB00DC517D /* Build configuration list for PBXNativeTarget "Flix" */;
			buildPhases = (
				1D7ED9F7F340D10B9DF60147 /* [CP] Check Pods Manifest.lock */,
				7753792128CEBDE700DC517D /* Sources */,
				7753792228CEBDE700DC517D /* Frameworks */,
				7753792328CEBDE700DC517D /* Resources */,
				C8CC77C7810BF9E6227D0901 /* [CP] Embed Pods Frameworks */,
			);
			buildRules = (
			);
			dependencies = (
			);
			name = Flix;
			packageProductDependencies = (
				77725C4828CEDE8C00DC07FC /* AlamofireImage */,
			);
			productName = Flix;
			productReference = 7753792528CEBDE700DC517D /* Flix.app */;
			productType = "com.apple.product-type.application";
		};
		7753793A28CEBDEB00DC517D /* FlixTests */ = {
			isa = PBXNativeTarget;
			buildConfigurationList = 7753795228CEBDEB00DC517D /* Build configuration list for PBXNativeTarget "FlixTests" */;
			buildPhases = (
				77925EF8F80908920DF58DC0 /* [CP] Check Pods Manifest.lock */,
				7753793728CEBDEB00DC517D /* Sources */,
				7753793828CEBDEB00DC517D /* Frameworks */,
				7753793928CEBDEB00DC517D /* Resources */,
			);
			buildRules = (
			);
			dependencies = (
				7753793D28CEBDEB00DC517D /* PBXTargetDependency */,
			);
			name = FlixTests;
			productName = FlixTests;
			productReference = 7753793B28CEBDEB00DC517D /* FlixTests.xctest */;
			productType = "com.apple.product-type.bundle.unit-test";
		};
		7753794428CEBDEB00DC517D /* FlixUITests */ = {
			isa = PBXNativeTarget;
			buildConfigurationList = 7753795528CEBDEB00DC517D /* Build configuration list for PBXNativeTarget "FlixUITests" */;
			buildPhases = (
				F6E984FC851654C5C720935E /* [CP] Check Pods Manifest.lock */,
				7753794128CEBDEB00DC517D /* Sources */,
				7753794228CEBDEB00DC517D /* Frameworks */,
				7753794328CEBDEB00DC517D /* Resources */,
				B0607C4B2F5B1B38AB3CDA25 /* [CP] Embed Pods Frameworks */,
			);
			buildRules = (
			);
			dependencies = (
				7753794728CEBDEB00DC517D /* PBXTargetDependency */,
			);
			name = FlixUITests;
			productName = FlixUITests;
			productReference = 7753794528CEBDEB00DC517D /* FlixUITests.xctest */;
			productType = "com.apple.product-type.bundle.ui-testing";
		};
/* End PBXNativeTarget section */

/* Begin PBXProject section */
		7753791D28CEBDE700DC517D /* Project object */ = {
			isa = PBXProject;
			attributes = {
				BuildIndependentTargetsInParallel = 1;
				LastSwiftUpdateCheck = 1340;
				LastUpgradeCheck = 1340;
				TargetAttributes = {
					7753792428CEBDE700DC517D = {
						CreatedOnToolsVersion = 13.4.1;
					};
					7753793A28CEBDEB00DC517D = {
						CreatedOnToolsVersion = 13.4.1;
						TestTargetID = 7753792428CEBDE700DC517D;
					};
					7753794428CEBDEB00DC517D = {
						CreatedOnToolsVersion = 13.4.1;
						TestTargetID = 7753792428CEBDE700DC517D;
					};
				};
			};
			buildConfigurationList = 7753792028CEBDE700DC517D /* Build configuration list for PBXProject "Flix" */;
			compatibilityVersion = "Xcode 13.0";
			developmentRegion = en;
			hasScannedForEncodings = 0;
			knownRegions = (
				en,
				Base,
			);
			mainGroup = 7753791C28CEBDE700DC517D;
			packageReferences = (
				77725C4728CEDE8C00DC07FC /* XCRemoteSwiftPackageReference "AlamofireImage" */,
			);
			productRefGroup = 7753792628CEBDE700DC517D /* Products */;
			projectDirPath = "";
			projectRoot = "";
			targets = (
				7753792428CEBDE700DC517D /* Flix */,
				7753793A28CEBDEB00DC517D /* FlixTests */,
				7753794428CEBDEB00DC517D /* FlixUITests */,
			);
		};
/* End PBXProject section */

/* Begin PBXResourcesBuildPhase section */
		7753792328CEBDE700DC517D /* Resources */ = {
			isa = PBXResourcesBuildPhase;
			buildActionMask = 2147483647;
			files = (
				7753793528CEBDEB00DC517D /* LaunchScreen.storyboard in Resources */,
				7753793228CEBDEB00DC517D /* Assets.xcassets in Resources */,
				7753793028CEBDE700DC517D /* Main.storyboard in Resources */,
			);
			runOnlyForDeploymentPostprocessing = 0;
		};
		7753793928CEBDEB00DC517D /* Resources */ = {
			isa = PBXResourcesBuildPhase;
			buildActionMask = 2147483647;
			files = (
			);
			runOnlyForDeploymentPostprocessing = 0;
		};
		7753794328CEBDEB00DC517D /* Resources */ = {
			isa = PBXResourcesBuildPhase;
			buildActionMask = 2147483647;
			files = (
			);
			runOnlyForDeploymentPostprocessing = 0;
		};
/* End PBXResourcesBuildPhase section */

/* Begin PBXShellScriptBuildPhase section */
		1D7ED9F7F340D10B9DF60147 /* [CP] Check Pods Manifest.lock */ = {
			isa = PBXShellScriptBuildPhase;
			buildActionMask = 2147483647;
			files = (
			);
			inputFileListPaths = (
			);
			inputPaths = (
				"${PODS_PODFILE_DIR_PATH}/Podfile.lock",
				"${PODS_ROOT}/Manifest.lock",
			);
			name = "[CP] Check Pods Manifest.lock";
			outputFileListPaths = (
			);
			outputPaths = (
				"$(DERIVED_FILE_DIR)/Pods-Flix-checkManifestLockResult.txt",
			);
			runOnlyForDeploymentPostprocessing = 0;
			shellPath = /bin/sh;
			shellScript = "diff \"${PODS_PODFILE_DIR_PATH}/Podfile.lock\" \"${PODS_ROOT}/Manifest.lock\" > /dev/null\nif [ $? != 0 ] ; then\n    # print error to STDERR\n    echo \"error: The sandbox is not in sync with the Podfile.lock. Run 'pod install' or update your CocoaPods installation.\" >&2\n    exit 1\nfi\n# This output is used by Xcode 'outputs' to avoid re-running this script phase.\necho \"SUCCESS\" > \"${SCRIPT_OUTPUT_FILE_0}\"\n";
			showEnvVarsInLog = 0;
		};
		77925EF8F80908920DF58DC0 /* [CP] Check Pods Manifest.lock */ = {
			isa = PBXShellScriptBuildPhase;
			buildActionMask = 2147483647;
			files = (
			);
			inputFileListPaths = (
			);
			inputPaths = (
				"${PODS_PODFILE_DIR_PATH}/Podfile.lock",
				"${PODS_ROOT}/Manifest.lock",
			);
			name = "[CP] Check Pods Manifest.lock";
			outputFileListPaths = (
			);
			outputPaths = (
				"$(DERIVED_FILE_DIR)/Pods-FlixTests-checkManifestLockResult.txt",
			);
			runOnlyForDeploymentPostprocessing = 0;
			shellPath = /bin/sh;
			shellScript = "diff \"${PODS_PODFILE_DIR_PATH}/Podfile.lock\" \"${PODS_ROOT}/Manifest.lock\" > /dev/null\nif [ $? != 0 ] ; then\n    # print error to STDERR\n    echo \"error: The sandbox is not in sync with the Podfile.lock. Run 'pod install' or update your CocoaPods installation.\" >&2\n    exit 1\nfi\n# This output is used by Xcode 'outputs' to avoid re-running this script phase.\necho \"SUCCESS\" > \"${SCRIPT_OUTPUT_FILE_0}\"\n";
			showEnvVarsInLog = 0;
		};
		B0607C4B2F5B1B38AB3CDA25 /* [CP] Embed Pods Frameworks */ = {
			isa = PBXShellScriptBuildPhase;
			buildActionMask = 2147483647;
			files = (
			);
			inputFileListPaths = (
				"${PODS_ROOT}/Target Support Files/Pods-Flix-FlixUITests/Pods-Flix-FlixUITests-frameworks-${CONFIGURATION}-input-files.xcfilelist",
			);
			name = "[CP] Embed Pods Frameworks";
			outputFileListPaths = (
				"${PODS_ROOT}/Target Support Files/Pods-Flix-FlixUITests/Pods-Flix-FlixUITests-frameworks-${CONFIGURATION}-output-files.xcfilelist",
			);
			runOnlyForDeploymentPostprocessing = 0;
			shellPath = /bin/sh;
			shellScript = "\"${PODS_ROOT}/Target Support Files/Pods-Flix-FlixUITests/Pods-Flix-FlixUITests-frameworks.sh\"\n";
			showEnvVarsInLog = 0;
		};
		C8CC77C7810BF9E6227D0901 /* [CP] Embed Pods Frameworks */ = {
			isa = PBXShellScriptBuildPhase;
			buildActionMask = 2147483647;
			files = (
			);
			inputFileListPaths = (
				"${PODS_ROOT}/Target Support Files/Pods-Flix/Pods-Flix-frameworks-${CONFIGURATION}-input-files.xcfilelist",
			);
			name = "[CP] Embed Pods Frameworks";
			outputFileListPaths = (
				"${PODS_ROOT}/Target Support Files/Pods-Flix/Pods-Flix-frameworks-${CONFIGURATION}-output-files.xcfilelist",
			);
			runOnlyForDeploymentPostprocessing = 0;
			shellPath = /bin/sh;
			shellScript = "\"${PODS_ROOT}/Target Support Files/Pods-Flix/Pods-Flix-frameworks.sh\"\n";
			showEnvVarsInLog = 0;
		};
		F6E984FC851654C5C720935E /* [CP] Check Pods Manifest.lock */ = {
			isa = PBXShellScriptBuildPhase;
			buildActionMask = 2147483647;
			files = (
			);
			inputFileListPaths = (
			);
			inputPaths = (
				"${PODS_PODFILE_DIR_PATH}/Podfile.lock",
				"${PODS_ROOT}/Manifest.lock",
			);
			name = "[CP] Check Pods Manifest.lock";
			outputFileListPaths = (
			);
			outputPaths = (
				"$(DERIVED_FILE_DIR)/Pods-Flix-FlixUITests-checkManifestLockResult.txt",
			);
			runOnlyForDeploymentPostprocessing = 0;
			shellPath = /bin/sh;
			shellScript = "diff \"${PODS_PODFILE_DIR_PATH}/Podfile.lock\" \"${PODS_ROOT}/Manifest.lock\" > /dev/null\nif [ $? != 0 ] ; then\n    # print error to STDERR\n    echo \"error: The sandbox is not in sync with the Podfile.lock. Run 'pod install' or update your CocoaPods installation.\" >&2\n    exit 1\nfi\n# This output is used by Xcode 'outputs' to avoid re-running this script phase.\necho \"SUCCESS\" > \"${SCRIPT_OUTPUT_FILE_0}\"\n";
			showEnvVarsInLog = 0;
		};
/* End PBXShellScriptBuildPhase section */

/* Begin PBXSourcesBuildPhase section */
		7753792128CEBDE700DC517D /* Sources */ = {
			isa = PBXSourcesBuildPhase;
			buildActionMask = 2147483647;
			files = (
				7753792D28CEBDE700DC517D /* MoviesViewController.swift in Sources */,
				7753792928CEBDE700DC517D /* AppDelegate.swift in Sources */,
				77725C4628CEDB1300DC07FC /* MovieCell.swift in Sources */,
				7753792B28CEBDE700DC517D /* SceneDelegate.swift in Sources */,
			);
			runOnlyForDeploymentPostprocessing = 0;
		};
		7753793728CEBDEB00DC517D /* Sources */ = {
			isa = PBXSourcesBuildPhase;
			buildActionMask = 2147483647;
			files = (
				7753794028CEBDEB00DC517D /* FlixTests.swift in Sources */,
			);
			runOnlyForDeploymentPostprocessing = 0;
		};
		7753794128CEBDEB00DC517D /* Sources */ = {
			isa = PBXSourcesBuildPhase;
			buildActionMask = 2147483647;
			files = (
				7753794A28CEBDEB00DC517D /* FlixUITests.swift in Sources */,
				7753794C28CEBDEB00DC517D /* FlixUITestsLaunchTests.swift in Sources */,
			);
			runOnlyForDeploymentPostprocessing = 0;
		};
/* End PBXSourcesBuildPhase section */

/* Begin PBXTargetDependency section */
		7753793D28CEBDEB00DC517D /* PBXTargetDependency */ = {
			isa = PBXTargetDependency;
			target = 7753792428CEBDE700DC517D /* Flix */;
			targetProxy = 7753793C28CEBDEB00DC517D /* PBXContainerItemProxy */;
		};
		7753794728CEBDEB00DC517D /* PBXTargetDependency */ = {
			isa = PBXTargetDependency;
			target = 7753792428CEBDE700DC517D /* Flix */;
			targetProxy = 7753794628CEBDEB00DC517D /* PBXContainerItemProxy */;
		};
/* End PBXTargetDependency section */

/* Begin PBXVariantGroup section */
		7753792E28CEBDE700DC517D /* Main.storyboard */ = {
			isa = PBXVariantGroup;
			children = (
				7753792F28CEBDE700DC517D /* Base */,
			);
			name = Main.storyboard;
			sourceTree = "<group>";
		};
		7753793328CEBDEB00DC517D /* LaunchScreen.storyboard */ = {
			isa = PBXVariantGroup;
			children = (
				7753793428CEBDEB00DC517D /* Base */,
			);
			name = LaunchScreen.storyboard;
			sourceTree = "<group>";
		};
/* End PBXVariantGroup section */

/* Begin XCBuildConfiguration section */
		7753794D28CEBDEB00DC517D /* Debug */ = {
			isa = XCBuildConfiguration;
			buildSettings = {
				ALWAYS_SEARCH_USER_PATHS = NO;
				CLANG_ANALYZER_NONNULL = YES;
				CLANG_ANALYZER_NUMBER_OBJECT_CONVERSION = YES_AGGRESSIVE;
				CLANG_CXX_LANGUAGE_STANDARD = "gnu++17";
				CLANG_ENABLE_MODULES = YES;
				CLANG_ENABLE_OBJC_ARC = YES;
				CLANG_ENABLE_OBJC_WEAK = YES;
				CLANG_WARN_BLOCK_CAPTURE_AUTORELEASING = YES;
				CLANG_WARN_BOOL_CONVERSION = YES;
				CLANG_WARN_COMMA = YES;
				CLANG_WARN_CONSTANT_CONVERSION = YES;
				CLANG_WARN_DEPRECATED_OBJC_IMPLEMENTATIONS = YES;
				CLANG_WARN_DIRECT_OBJC_ISA_USAGE = YES_ERROR;
				CLANG_WARN_DOCUMENTATION_COMMENTS = YES;
				CLANG_WARN_EMPTY_BODY = YES;
				CLANG_WARN_ENUM_CONVERSION = YES;
				CLANG_WARN_INFINITE_RECURSION = YES;
				CLANG_WARN_INT_CONVERSION = YES;
				CLANG_WARN_NON_LITERAL_NULL_CONVERSION = YES;
				CLANG_WARN_OBJC_IMPLICIT_RETAIN_SELF = YES;
				CLANG_WARN_OBJC_LITERAL_CONVERSION = YES;
				CLANG_WARN_OBJC_ROOT_CLASS = YES_ERROR;
				CLANG_WARN_QUOTED_INCLUDE_IN_FRAMEWORK_HEADER = YES;
				CLANG_WARN_RANGE_LOOP_ANALYSIS = YES;
				CLANG_WARN_STRICT_PROTOTYPES = YES;
				CLANG_WARN_SUSPICIOUS_MOVE = YES;
				CLANG_WARN_UNGUARDED_AVAILABILITY = YES_AGGRESSIVE;
				CLANG_WARN_UNREACHABLE_CODE = YES;
				CLANG_WARN__DUPLICATE_METHOD_MATCH = YES;
				COPY_PHASE_STRIP = NO;
				DEBUG_INFORMATION_FORMAT = dwarf;
				ENABLE_STRICT_OBJC_MSGSEND = YES;
				ENABLE_TESTABILITY = YES;
				GCC_C_LANGUAGE_STANDARD = gnu11;
				GCC_DYNAMIC_NO_PIC = NO;
				GCC_NO_COMMON_BLOCKS = YES;
				GCC_OPTIMIZATION_LEVEL = 0;
				GCC_PREPROCESSOR_DEFINITIONS = (
					"DEBUG=1",
					"$(inherited)",
				);
				GCC_WARN_64_TO_32_BIT_CONVERSION = YES;
				GCC_WARN_ABOUT_RETURN_TYPE = YES_ERROR;
				GCC_WARN_UNDECLARED_SELECTOR = YES;
				GCC_WARN_UNINITIALIZED_AUTOS = YES_AGGRESSIVE;
				GCC_WARN_UNUSED_FUNCTION = YES;
				GCC_WARN_UNUSED_VARIABLE = YES;
				IPHONEOS_DEPLOYMENT_TARGET = 15.5;
				MTL_ENABLE_DEBUG_INFO = INCLUDE_SOURCE;
				MTL_FAST_MATH = YES;
				ONLY_ACTIVE_ARCH = YES;
				SDKROOT = iphoneos;
				SWIFT_ACTIVE_COMPILATION_CONDITIONS = DEBUG;
				SWIFT_OPTIMIZATION_LEVEL = "-Onone";
			};
			name = Debug;
		};
		7753794E28CEBDEB00DC517D /* Release */ = {
			isa = XCBuildConfiguration;
			buildSettings = {
				ALWAYS_SEARCH_USER_PATHS = NO;
				CLANG_ANALYZER_NONNULL = YES;
				CLANG_ANALYZER_NUMBER_OBJECT_CONVERSION = YES_AGGRESSIVE;
				CLANG_CXX_LANGUAGE_STANDARD = "gnu++17";
				CLANG_ENABLE_MODULES = YES;
				CLANG_ENABLE_OBJC_ARC = YES;
				CLANG_ENABLE_OBJC_WEAK = YES;
				CLANG_WARN_BLOCK_CAPTURE_AUTORELEASING = YES;
				CLANG_WARN_BOOL_CONVERSION = YES;
				CLANG_WARN_COMMA = YES;
				CLANG_WARN_CONSTANT_CONVERSION = YES;
				CLANG_WARN_DEPRECATED_OBJC_IMPLEMENTATIONS = YES;
				CLANG_WARN_DIRECT_OBJC_ISA_USAGE = YES_ERROR;
				CLANG_WARN_DOCUMENTATION_COMMENTS = YES;
				CLANG_WARN_EMPTY_BODY = YES;
				CLANG_WARN_ENUM_CONVERSION = YES;
				CLANG_WARN_INFINITE_RECURSION = YES;
				CLANG_WARN_INT_CONVERSION = YES;
				CLANG_WARN_NON_LITERAL_NULL_CONVERSION = YES;
				CLANG_WARN_OBJC_IMPLICIT_RETAIN_SELF = YES;
				CLANG_WARN_OBJC_LITERAL_CONVERSION = YES;
				CLANG_WARN_OBJC_ROOT_CLASS = YES_ERROR;
				CLANG_WARN_QUOTED_INCLUDE_IN_FRAMEWORK_HEADER = YES;
				CLANG_WARN_RANGE_LOOP_ANALYSIS = YES;
				CLANG_WARN_STRICT_PROTOTYPES = YES;
				CLANG_WARN_SUSPICIOUS_MOVE = YES;
				CLANG_WARN_UNGUARDED_AVAILABILITY = YES_AGGRESSIVE;
				CLANG_WARN_UNREACHABLE_CODE = YES;
				CLANG_WARN__DUPLICATE_METHOD_MATCH = YES;
				COPY_PHASE_STRIP = NO;
				DEBUG_INFORMATION_FORMAT = "dwarf-with-dsym";
				ENABLE_NS_ASSERTIONS = NO;
				ENABLE_STRICT_OBJC_MSGSEND = YES;
				GCC_C_LANGUAGE_STANDARD = gnu11;
				GCC_NO_COMMON_BLOCKS = YES;
				GCC_WARN_64_TO_32_BIT_CONVERSION = YES;
				GCC_WARN_ABOUT_RETURN_TYPE = YES_ERROR;
				GCC_WARN_UNDECLARED_SELECTOR = YES;
				GCC_WARN_UNINITIALIZED_AUTOS = YES_AGGRESSIVE;
				GCC_WARN_UNUSED_FUNCTION = YES;
				GCC_WARN_UNUSED_VARIABLE = YES;
				IPHONEOS_DEPLOYMENT_TARGET = 15.5;
				MTL_ENABLE_DEBUG_INFO = NO;
				MTL_FAST_MATH = YES;
				SDKROOT = iphoneos;
				SWIFT_COMPILATION_MODE = wholemodule;
				SWIFT_OPTIMIZATION_LEVEL = "-O";
				VALIDATE_PRODUCT = YES;
			};
			name = Release;
		};
		7753795028CEBDEB00DC517D /* Debug */ = {
			isa = XCBuildConfiguration;
			baseConfigurationReference = A85C8F4BB27406C954415D59 /* Pods-Flix.debug.xcconfig */;
			buildSettings = {
				ASSETCATALOG_COMPILER_APPICON_NAME = AppIcon;
				ASSETCATALOG_COMPILER_GLOBAL_ACCENT_COLOR_NAME = AccentColor;
				CODE_SIGN_STYLE = Automatic;
				CURRENT_PROJECT_VERSION = 1;
				DEVELOPMENT_TEAM = QP8765V3AD;
				GENERATE_INFOPLIST_FILE = YES;
				INFOPLIST_FILE = Flix/Info.plist;
				INFOPLIST_KEY_UIApplicationSupportsIndirectInputEvents = YES;
				INFOPLIST_KEY_UILaunchStoryboardName = LaunchScreen;
				INFOPLIST_KEY_UIMainStoryboardFile = Main;
				INFOPLIST_KEY_UISupportedInterfaceOrientations_iPad = "UIInterfaceOrientationPortrait UIInterfaceOrientationPortraitUpsideDown UIInterfaceOrientationLandscapeLeft UIInterfaceOrientationLandscapeRight";
				INFOPLIST_KEY_UISupportedInterfaceOrientations_iPhone = "UIInterfaceOrientationPortrait UIInterfaceOrientationLandscapeLeft UIInterfaceOrientationLandscapeRight";
				LD_RUNPATH_SEARCH_PATHS = (
					"$(inherited)",
					"@executable_path/Frameworks",
				);
				MARKETING_VERSION = 1.0;
				PRODUCT_BUNDLE_IDENTIFIER = com.cchinothai.Flix;
				PRODUCT_NAME = "$(TARGET_NAME)";
				SWIFT_EMIT_LOC_STRINGS = YES;
				SWIFT_VERSION = 5.0;
				TARGETED_DEVICE_FAMILY = "1,2";
			};
			name = Debug;
		};
		7753795128CEBDEB00DC517D /* Release */ = {
			isa = XCBuildConfiguration;
			baseConfigurationReference = 6D0FDEE08F8E51527CE1D2EC /* Pods-Flix.release.xcconfig */;
			buildSettings = {
				ASSETCATALOG_COMPILER_APPICON_NAME = AppIcon;
				ASSETCATALOG_COMPILER_GLOBAL_ACCENT_COLOR_NAME = AccentColor;
				CODE_SIGN_STYLE = Automatic;
				CURRENT_PROJECT_VERSION = 1;
				DEVELOPMENT_TEAM = QP8765V3AD;
				GENERATE_INFOPLIST_FILE = YES;
				INFOPLIST_FILE = Flix/Info.plist;
				INFOPLIST_KEY_UIApplicationSupportsIndirectInputEvents = YES;
				INFOPLIST_KEY_UILaunchStoryboardName = LaunchScreen;
				INFOPLIST_KEY_UIMainStoryboardFile = Main;
				INFOPLIST_KEY_UISupportedInterfaceOrientations_iPad = "UIInterfaceOrientationPortrait UIInterfaceOrientationPortraitUpsideDown UIInterfaceOrientationLandscapeLeft UIInterfaceOrientationLandscapeRight";
				INFOPLIST_KEY_UISupportedInterfaceOrientations_iPhone = "UIInterfaceOrientationPortrait UIInterfaceOrientationLandscapeLeft UIInterfaceOrientationLandscapeRight";
				LD_RUNPATH_SEARCH_PATHS = (
					"$(inherited)",
					"@executable_path/Frameworks",
				);
				MARKETING_VERSION = 1.0;
				PRODUCT_BUNDLE_IDENTIFIER = com.cchinothai.Flix;
				PRODUCT_NAME = "$(TARGET_NAME)";
				SWIFT_EMIT_LOC_STRINGS = YES;
				SWIFT_VERSION = 5.0;
				TARGETED_DEVICE_FAMILY = "1,2";
			};
			name = Release;
		};
		7753795328CEBDEB00DC517D /* Debug */ = {
			isa = XCBuildConfiguration;
			baseConfigurationReference = C22E6D78B93A279B3DDEFF20 /* Pods-FlixTests.debug.xcconfig */;
			buildSettings = {
				ALWAYS_EMBED_SWIFT_STANDARD_LIBRARIES = YES;
				BUNDLE_LOADER = "$(TEST_HOST)";
				CODE_SIGN_STYLE = Automatic;
				CURRENT_PROJECT_VERSION = 1;
				DEVELOPMENT_TEAM = QP8765V3AD;
				GENERATE_INFOPLIST_FILE = YES;
				IPHONEOS_DEPLOYMENT_TARGET = 15.5;
				MARKETING_VERSION = 1.0;
				PRODUCT_BUNDLE_IDENTIFIER = com.cchinothai.FlixTests;
				PRODUCT_NAME = "$(TARGET_NAME)";
				SWIFT_EMIT_LOC_STRINGS = NO;
				SWIFT_VERSION = 5.0;
				TARGETED_DEVICE_FAMILY = "1,2";
				TEST_HOST = "$(BUILT_PRODUCTS_DIR)/Flix.app/Flix";
			};
			name = Debug;
		};
		7753795428CEBDEB00DC517D /* Release */ = {
			isa = XCBuildConfiguration;
			baseConfigurationReference = 076C8C5171BED2969AC97085 /* Pods-FlixTests.release.xcconfig */;
			buildSettings = {
				ALWAYS_EMBED_SWIFT_STANDARD_LIBRARIES = YES;
				BUNDLE_LOADER = "$(TEST_HOST)";
				CODE_SIGN_STYLE = Automatic;
				CURRENT_PROJECT_VERSION = 1;
				DEVELOPMENT_TEAM = QP8765V3AD;
				GENERATE_INFOPLIST_FILE = YES;
				IPHONEOS_DEPLOYMENT_TARGET = 15.5;
				MARKETING_VERSION = 1.0;
				PRODUCT_BUNDLE_IDENTIFIER = com.cchinothai.FlixTests;
				PRODUCT_NAME = "$(TARGET_NAME)";
				SWIFT_EMIT_LOC_STRINGS = NO;
				SWIFT_VERSION = 5.0;
				TARGETED_DEVICE_FAMILY = "1,2";
				TEST_HOST = "$(BUILT_PRODUCTS_DIR)/Flix.app/Flix";
			};
			name = Release;
		};
		7753795628CEBDEB00DC517D /* Debug */ = {
			isa = XCBuildConfiguration;
			baseConfigurationReference = CD3DB1B713BC0371BC8D75CD /* Pods-Flix-FlixUITests.debug.xcconfig */;
			buildSettings = {
				ALWAYS_EMBED_SWIFT_STANDARD_LIBRARIES = YES;
				CODE_SIGN_STYLE = Automatic;
				CURRENT_PROJECT_VERSION = 1;
				DEVELOPMENT_TEAM = QP8765V3AD;
				GENERATE_INFOPLIST_FILE = YES;
				MARKETING_VERSION = 1.0;
				PRODUCT_BUNDLE_IDENTIFIER = com.cchinothai.FlixUITests;
				PRODUCT_NAME = "$(TARGET_NAME)";
				SWIFT_EMIT_LOC_STRINGS = NO;
				SWIFT_VERSION = 5.0;
				TARGETED_DEVICE_FAMILY = "1,2";
				TEST_TARGET_NAME = Flix;
			};
			name = Debug;
		};
		7753795728CEBDEB00DC517D /* Release */ = {
			isa = XCBuildConfiguration;
			baseConfigurationReference = 75DA17A204097D30473AB44A /* Pods-Flix-FlixUITests.release.xcconfig */;
			buildSettings = {
				ALWAYS_EMBED_SWIFT_STANDARD_LIBRARIES = YES;
				CODE_SIGN_STYLE = Automatic;
				CURRENT_PROJECT_VERSION = 1;
				DEVELOPMENT_TEAM = QP8765V3AD;
				GENERATE_INFOPLIST_FILE = YES;
				MARKETING_VERSION = 1.0;
				PRODUCT_BUNDLE_IDENTIFIER = com.cchinothai.FlixUITests;
				PRODUCT_NAME = "$(TARGET_NAME)";
				SWIFT_EMIT_LOC_STRINGS = NO;
				SWIFT_VERSION = 5.0;
				TARGETED_DEVICE_FAMILY = "1,2";
				TEST_TARGET_NAME = Flix;
			};
			name = Release;
		};
/* End XCBuildConfiguration section */

/* Begin XCConfigurationList section */
		7753792028CEBDE700DC517D /* Build configuration list for PBXProject "Flix" */ = {
			isa = XCConfigurationList;
			buildConfigurations = (
				7753794D28CEBDEB00DC517D /* Debug */,
				7753794E28CEBDEB00DC517D /* Release */,
			);
			defaultConfigurationIsVisible = 0;
			defaultConfigurationName = Release;
		};
		7753794F28CEBDEB00DC517D /* Build configuration list for PBXNativeTarget "Flix" */ = {
			isa = XCConfigurationList;
			buildConfigurations = (
				7753795028CEBDEB00DC517D /* Debug */,
				7753795128CEBDEB00DC517D /* Release */,
			);
			defaultConfigurationIsVisible = 0;
			defaultConfigurationName = Release;
		};
		7753795228CEBDEB00DC517D /* Build configuration list for PBXNativeTarget "FlixTests" */ = {
			isa = XCConfigurationList;
			buildConfigurations = (
				7753795328CEBDEB00DC517D /* Debug */,
				7753795428CEBDEB00DC517D /* Release */,
			);
			defaultConfigurationIsVisible = 0;
			defaultConfigurationName = Release;
		};
		7753795528CEBDEB00DC517D /* Build configuration list for PBXNativeTarget "FlixUITests" */ = {
			isa = XCConfigurationList;
			buildConfigurations = (
				7753795628CEBDEB00DC517D /* Debug */,
				7753795728CEBDEB00DC517D /* Release */,
			);
			defaultConfigurationIsVisible = 0;
			defaultConfigurationName = Release;
		};
/* End XCConfigurationList section */

/* Begin XCRemoteSwiftPackageReference section */
		77725C4728CEDE8C00DC07FC /* XCRemoteSwiftPackageReference "AlamofireImage" */ = {
			isa = XCRemoteSwiftPackageReference;
			repositoryURL = "https://github.com/Alamofire/AlamofireImage";
			requirement = {
				kind = upToNextMajorVersion;
				minimumVersion = 4.0.0;
			};
		};
/* End XCRemoteSwiftPackageReference section */

/* Begin XCSwiftPackageProductDependency section */
		77725C4828CEDE8C00DC07FC /* AlamofireImage */ = {
			isa = XCSwiftPackageProductDependency;
			package = 77725C4728CEDE8C00DC07FC /* XCRemoteSwiftPackageReference "AlamofireImage" */;
			productName = AlamofireImage;
		};
/* End XCSwiftPackageProductDependency section */
	};
	rootObject = 7753791D28CEBDE700DC517D /* Project object */;
}
